
Microsoft Visual Studio Solution File, Format Version 12.00
# Visual Studio Version 17
VisualStudioVersion = 17.5.002.0
MinimumVisualStudioVersion = 10.0.40219.1
Project("{FAE04EC0-301F-11D3-BF4B-00C04F79EFBC}") = "5 - Longest Palindromic Substring", "5 - Longest Palindromic Substring\5 - Longest Palindromic Substring.csproj", "{3CC79636-87B4-48A5-AD8F-11B5DF2C7B41}"
EndProject
Project("{FAE04EC0-301F-11D3-BF4B-00C04F79EFBC}") = "8 - String to Integer (atoi)", "8 - String to Integer (atoi)\8 - String to Integer (atoi).csproj", "{04182A96-EA11-41FB-83E8-2EBF29F9318E}"
EndProject
Project("{FAE04EC0-301F-11D3-BF4B-00C04F79EFBC}") = "4 - Median of Two Sorted Arrays", "4 - Median of Two Sorted Arrays\4 - Median of Two Sorted Arrays.csproj", "{00E793A6-6B90-48E2-B6A7-474615DDF333}"
EndProject
Project("{FAE04EC0-301F-11D3-BF4B-00C04F79EFBC}") = "6 - Zigzag Conversion", "6 - Zigzag Conversion\6 - Zigzag Conversion.csproj", "{781A40FB-8702-460E-8ACB-EB0D27212B25}"
EndProject
Project("{FAE04EC0-301F-11D3-BF4B-00C04F79EFBC}") = "7 - Reverse Integer", "7 - Reverse Integer\7 - Reverse Integer.csproj", "{49AAA9E5-F8AC-48B8-80CC-F1B5422A1332}"
EndProject
Project("{FAE04EC0-301F-11D3-BF4B-00C04F79EFBC}") = "9 - Palindrome Number", "9 - Palindrome Number\9 - Palindrome Number.csproj", "{F2123AF3-DA87-4601-A980-AA46588AAF16}"
EndProject
Project("{FAE04EC0-301F-11D3-BF4B-00C04F79EFBC}") = "10 - Regular Expression Matching", "10 - Regular Expression Matching\10 - Regular Expression Matching.csproj", "{94B949F9-E59A-4FA4-824E-E05B795BF7DD}"
EndProject
Project("{FAE04EC0-301F-11D3-BF4B-00C04F79EFBC}") = "11 - Container With Most Water", "11 - Container With Most Water\11 - Container With Most Water.csproj", "{436AEBCB-F647-4016-B6DD-B721FD396F81}"
EndProject
Project("{FAE04EC0-301F-11D3-BF4B-00C04F79EFBC}") = "12 - Integer to Roman", "12 - Integer to Roman\12 - Integer to Roman.csproj", "{38E920A4-5531-4C45-8650-106FC2E189E2}"
EndProject
Project("{FAE04EC0-301F-11D3-BF4B-00C04F79EFBC}") = "13 - Roman to Integer", "13 - Roman to Integer\13 - Roman to Integer.csproj", "{196606DE-FD6C-407E-A1D6-F7D310B4FCED}"
EndProject
Project("{FAE04EC0-301F-11D3-BF4B-00C04F79EFBC}") = "14 - Longest Common Prefix", "14 - Longest Common Prefix\14 - Longest Common Prefix.csproj", "{D3764AC6-9F4B-4FFF-B8CC-3EC5B974E986}"
EndProject
Project("{FAE04EC0-301F-11D3-BF4B-00C04F79EFBC}") = "15 - 3Sum", "15 - 3Sum\15 - 3Sum.csproj", "{74BB469A-F53E-4A2A-AB0B-2F13FAE0E56A}"
EndProject
Project("{FAE04EC0-301F-11D3-BF4B-00C04F79EFBC}") = "16 - 3Sum Closest", "16 - 3Sum Closest\16 - 3Sum Closest.csproj", "{2B70A620-5854-41C6-ABE7-3F534173A081}"
EndProject
Project("{FAE04EC0-301F-11D3-BF4B-00C04F79EFBC}") = "17 - Letter Combinations of a phone Number", "17 - Letter Combinations of a phone Number\17 - Letter Combinations of a phone Number.csproj", "{29F752B0-0B2E-4A43-AA19-3C2B9589C9CB}"
EndProject
Project("{FAE04EC0-301F-11D3-BF4B-00C04F79EFBC}") = "18 - 4Sum", "18 - 4Sum\18 - 4Sum.csproj", "{247E901D-B97E-4D0E-815F-0984A2E611DD}"
EndProject
Project("{FAE04EC0-301F-11D3-BF4B-00C04F79EFBC}") = "19 - Remove Nth Node From End of List", "19 - Remove Nth Node From End of List\19 - Remove Nth Node From End of List.csproj", "{44E460F9-77B0-4869-BB46-873E0E6FE35B}"
EndProject
Project("{FAE04EC0-301F-11D3-BF4B-00C04F79EFBC}") = "20 - Valid Parenthesis", "20 - Valid Parenthesis\20 - Valid Parenthesis.csproj", "{6DFAB7F9-7DDE-4A7B-82B5-2316C5BCADE8}"
EndProject
Project("{FAE04EC0-301F-11D3-BF4B-00C04F79EFBC}") = "21 - Merge Two Sorted Lists", "21 - Merge Two Sorted Lists\21 - Merge Two Sorted Lists.csproj", "{DC4EC7D8-2445-4C19-A205-73C34759D5F4}"
EndProject
Project("{FAE04EC0-301F-11D3-BF4B-00C04F79EFBC}") = "22 - Generate Parenthesis", "22 - Generate Parenthesis\22 - Generate Parenthesis.csproj", "{2A6D702C-0B32-4E17-A011-08FE2C63AAFD}"
EndProject
Project("{FAE04EC0-301F-11D3-BF4B-00C04F79EFBC}") = "23 Merge k Sorted Lists", "23 Merge k Sorted Lists\23 Merge k Sorted Lists.csproj", "{E63CE702-71FD-40BC-9818-34FE9FC98856}"
EndProject
Global
	GlobalSection(SolutionConfigurationPlatforms) = preSolution
		Debug|Any CPU = Debug|Any CPU
		Release|Any CPU = Release|Any CPU
	EndGlobalSection
	GlobalSection(ProjectConfigurationPlatforms) = postSolution
		{3CC79636-87B4-48A5-AD8F-11B5DF2C7B41}.Debug|Any CPU.ActiveCfg = Debug|Any CPU
		{3CC79636-87B4-48A5-AD8F-11B5DF2C7B41}.Debug|Any CPU.Build.0 = Debug|Any CPU
		{3CC79636-87B4-48A5-AD8F-11B5DF2C7B41}.Release|Any CPU.ActiveCfg = Release|Any CPU
		{3CC79636-87B4-48A5-AD8F-11B5DF2C7B41}.Release|Any CPU.Build.0 = Release|Any CPU
		{04182A96-EA11-41FB-83E8-2EBF29F9318E}.Debug|Any CPU.ActiveCfg = Debug|Any CPU
		{04182A96-EA11-41FB-83E8-2EBF29F9318E}.Debug|Any CPU.Build.0 = Debug|Any CPU
		{04182A96-EA11-41FB-83E8-2EBF29F9318E}.Release|Any CPU.ActiveCfg = Release|Any CPU
		{04182A96-EA11-41FB-83E8-2EBF29F9318E}.Release|Any CPU.Build.0 = Release|Any CPU
		{00E793A6-6B90-48E2-B6A7-474615DDF333}.Debug|Any CPU.ActiveCfg = Debug|Any CPU
		{00E793A6-6B90-48E2-B6A7-474615DDF333}.Debug|Any CPU.Build.0 = Debug|Any CPU
		{00E793A6-6B90-48E2-B6A7-474615DDF333}.Release|Any CPU.ActiveCfg = Release|Any CPU
		{00E793A6-6B90-48E2-B6A7-474615DDF333}.Release|Any CPU.Build.0 = Release|Any CPU
		{781A40FB-8702-460E-8ACB-EB0D27212B25}.Debug|Any CPU.ActiveCfg = Debug|Any CPU
		{781A40FB-8702-460E-8ACB-EB0D27212B25}.Debug|Any CPU.Build.0 = Debug|Any CPU
		{781A40FB-8702-460E-8ACB-EB0D27212B25}.Release|Any CPU.ActiveCfg = Release|Any CPU
		{781A40FB-8702-460E-8ACB-EB0D27212B25}.Release|Any CPU.Build.0 = Release|Any CPU
		{49AAA9E5-F8AC-48B8-80CC-F1B5422A1332}.Debug|Any CPU.ActiveCfg = Debug|Any CPU
		{49AAA9E5-F8AC-48B8-80CC-F1B5422A1332}.Debug|Any CPU.Build.0 = Debug|Any CPU
		{49AAA9E5-F8AC-48B8-80CC-F1B5422A1332}.Release|Any CPU.ActiveCfg = Release|Any CPU
		{49AAA9E5-F8AC-48B8-80CC-F1B5422A1332}.Release|Any CPU.Build.0 = Release|Any CPU
		{F2123AF3-DA87-4601-A980-AA46588AAF16}.Debug|Any CPU.ActiveCfg = Debug|Any CPU
		{F2123AF3-DA87-4601-A980-AA46588AAF16}.Debug|Any CPU.Build.0 = Debug|Any CPU
		{F2123AF3-DA87-4601-A980-AA46588AAF16}.Release|Any CPU.ActiveCfg = Release|Any CPU
		{F2123AF3-DA87-4601-A980-AA46588AAF16}.Release|Any CPU.Build.0 = Release|Any CPU
		{94B949F9-E59A-4FA4-824E-E05B795BF7DD}.Debug|Any CPU.ActiveCfg = Debug|Any CPU
		{94B949F9-E59A-4FA4-824E-E05B795BF7DD}.Debug|Any CPU.Build.0 = Debug|Any CPU
		{94B949F9-E59A-4FA4-824E-E05B795BF7DD}.Release|Any CPU.ActiveCfg = Release|Any CPU
		{94B949F9-E59A-4FA4-824E-E05B795BF7DD}.Release|Any CPU.Build.0 = Release|Any CPU
		{436AEBCB-F647-4016-B6DD-B721FD396F81}.Debug|Any CPU.ActiveCfg = Debug|Any CPU
		{436AEBCB-F647-4016-B6DD-B721FD396F81}.Debug|Any CPU.Build.0 = Debug|Any CPU
		{436AEBCB-F647-4016-B6DD-B721FD396F81}.Release|Any CPU.ActiveCfg = Release|Any CPU
		{436AEBCB-F647-4016-B6DD-B721FD396F81}.Release|Any CPU.Build.0 = Release|Any CPU
		{38E920A4-5531-4C45-8650-106FC2E189E2}.Debug|Any CPU.ActiveCfg = Debug|Any CPU
		{38E920A4-5531-4C45-8650-106FC2E189E2}.Debug|Any CPU.Build.0 = Debug|Any CPU
		{38E920A4-5531-4C45-8650-106FC2E189E2}.Release|Any CPU.ActiveCfg = Release|Any CPU
		{38E920A4-5531-4C45-8650-106FC2E189E2}.Release|Any CPU.Build.0 = Release|Any CPU
		{196606DE-FD6C-407E-A1D6-F7D310B4FCED}.Debug|Any CPU.ActiveCfg = Debug|Any CPU
		{196606DE-FD6C-407E-A1D6-F7D310B4FCED}.Debug|Any CPU.Build.0 = Debug|Any CPU
		{196606DE-FD6C-407E-A1D6-F7D310B4FCED}.Release|Any CPU.ActiveCfg = Release|Any CPU
		{196606DE-FD6C-407E-A1D6-F7D310B4FCED}.Release|Any CPU.Build.0 = Release|Any CPU
		{D3764AC6-9F4B-4FFF-B8CC-3EC5B974E986}.Debug|Any CPU.ActiveCfg = Debug|Any CPU
		{D3764AC6-9F4B-4FFF-B8CC-3EC5B974E986}.Debug|Any CPU.Build.0 = Debug|Any CPU
		{D3764AC6-9F4B-4FFF-B8CC-3EC5B974E986}.Release|Any CPU.ActiveCfg = Release|Any CPU
		{D3764AC6-9F4B-4FFF-B8CC-3EC5B974E986}.Release|Any CPU.Build.0 = Release|Any CPU
		{74BB469A-F53E-4A2A-AB0B-2F13FAE0E56A}.Debug|Any CPU.ActiveCfg = Debug|Any CPU
		{74BB469A-F53E-4A2A-AB0B-2F13FAE0E56A}.Debug|Any CPU.Build.0 = Debug|Any CPU
		{74BB469A-F53E-4A2A-AB0B-2F13FAE0E56A}.Release|Any CPU.ActiveCfg = Release|Any CPU
		{74BB469A-F53E-4A2A-AB0B-2F13FAE0E56A}.Release|Any CPU.Build.0 = Release|Any CPU
		{2B70A620-5854-41C6-ABE7-3F534173A081}.Debug|Any CPU.ActiveCfg = Debug|Any CPU
		{2B70A620-5854-41C6-ABE7-3F534173A081}.Debug|Any CPU.Build.0 = Debug|Any CPU
		{2B70A620-5854-41C6-ABE7-3F534173A081}.Release|Any CPU.ActiveCfg = Release|Any CPU
		{2B70A620-5854-41C6-ABE7-3F534173A081}.Release|Any CPU.Build.0 = Release|Any CPU
		{29F752B0-0B2E-4A43-AA19-3C2B9589C9CB}.Debug|Any CPU.ActiveCfg = Debug|Any CPU
		{29F752B0-0B2E-4A43-AA19-3C2B9589C9CB}.Debug|Any CPU.Build.0 = Debug|Any CPU
		{29F752B0-0B2E-4A43-AA19-3C2B9589C9CB}.Release|Any CPU.ActiveCfg = Release|Any CPU
		{29F752B0-0B2E-4A43-AA19-3C2B9589C9CB}.Release|Any CPU.Build.0 = Release|Any CPU
		{247E901D-B97E-4D0E-815F-0984A2E611DD}.Debug|Any CPU.ActiveCfg = Debug|Any CPU
		{247E901D-B97E-4D0E-815F-0984A2E611DD}.Debug|Any CPU.Build.0 = Debug|Any CPU
		{247E901D-B97E-4D0E-815F-0984A2E611DD}.Release|Any CPU.ActiveCfg = Release|Any CPU
		{247E901D-B97E-4D0E-815F-0984A2E611DD}.Release|Any CPU.Build.0 = Release|Any CPU
		{44E460F9-77B0-4869-BB46-873E0E6FE35B}.Debug|Any CPU.ActiveCfg = Debug|Any CPU
		{44E460F9-77B0-4869-BB46-873E0E6FE35B}.Debug|Any CPU.Build.0 = Debug|Any CPU
		{44E460F9-77B0-4869-BB46-873E0E6FE35B}.Release|Any CPU.ActiveCfg = Release|Any CPU
		{44E460F9-77B0-4869-BB46-873E0E6FE35B}.Release|Any CPU.Build.0 = Release|Any CPU
		{6DFAB7F9-7DDE-4A7B-82B5-2316C5BCADE8}.Debug|Any CPU.ActiveCfg = Debug|Any CPU
		{6DFAB7F9-7DDE-4A7B-82B5-2316C5BCADE8}.Debug|Any CPU.Build.0 = Debug|Any CPU
		{6DFAB7F9-7DDE-4A7B-82B5-2316C5BCADE8}.Release|Any CPU.ActiveCfg = Release|Any CPU
		{6DFAB7F9-7DDE-4A7B-82B5-2316C5BCADE8}.Release|Any CPU.Build.0 = Release|Any CPU
		{DC4EC7D8-2445-4C19-A205-73C34759D5F4}.Debug|Any CPU.ActiveCfg = Debug|Any CPU
		{DC4EC7D8-2445-4C19-A205-73C34759D5F4}.Debug|Any CPU.Build.0 = Debug|Any CPU
		{DC4EC7D8-2445-4C19-A205-73C34759D5F4}.Release|Any CPU.ActiveCfg = Release|Any CPU
		{DC4EC7D8-2445-4C19-A205-73C34759D5F4}.Release|Any CPU.Build.0 = Release|Any CPU
		{2A6D702C-0B32-4E17-A011-08FE2C63AAFD}.Debug|Any CPU.ActiveCfg = Debug|Any CPU
		{2A6D702C-0B32-4E17-A011-08FE2C63AAFD}.Debug|Any CPU.Build.0 = Debug|Any CPU
		{2A6D702C-0B32-4E17-A011-08FE2C63AAFD}.Release|Any CPU.ActiveCfg = Release|Any CPU
		{2A6D702C-0B32-4E17-A011-08FE2C63AAFD}.Release|Any CPU.Build.0 = Release|Any CPU
		{E63CE702-71FD-40BC-9818-34FE9FC98856}.Debug|Any CPU.ActiveCfg = Debug|Any CPU
		{E63CE702-71FD-40BC-9818-34FE9FC98856}.Debug|Any CPU.Build.0 = Debug|Any CPU
		{E63CE702-71FD-40BC-9818-34FE9FC98856}.Release|Any CPU.ActiveCfg = Release|Any CPU
		{E63CE702-71FD-40BC-9818-34FE9FC98856}.Release|Any CPU.Build.0 = Release|Any CPU
	EndGlobalSection
	GlobalSection(SolutionProperties) = preSolution
		HideSolutionNode = FALSE
	EndGlobalSection
	GlobalSection(ExtensibilityGlobals) = postSolution
		SolutionGuid = {F782F296-4A62-47D9-983C-930751DA7159}
	EndGlobalSection
EndGlobal
