
Microsoft Visual Studio Solution File, Format Version 12.00
# Visual Studio Version 17
VisualStudioVersion = 17.5.002.0
MinimumVisualStudioVersion = 10.0.40219.1
Project("{9A19103F-16F7-4668-BE54-9A1E7A4F7556}") = "6 - Zigzag Conversion", "6 - Zigzag Conversion.csproj", "{64F91B47-59FF-44E7-AF49-DCA70AE43362}"
EndProject
Global
	GlobalSection(SolutionConfigurationPlatforms) = preSolution
		Debug|Any CPU = Debug|Any CPU
		Release|Any CPU = Release|Any CPU
	EndGlobalSection
	GlobalSection(ProjectConfigurationPlatforms) = postSolution
		{64F91B47-59FF-44E7-AF49-DCA70AE43362}.Debug|Any CPU.ActiveCfg = Debug|Any CPU
		{64F91B47-59FF-44E7-AF49-DCA70AE43362}.Debug|Any CPU.Build.0 = Debug|Any CPU
		{64F91B47-59FF-44E7-AF49-DCA70AE43362}.Release|Any CPU.ActiveCfg = Release|Any CPU
		{64F91B47-59FF-44E7-AF49-DCA70AE43362}.Release|Any CPU.Build.0 = Release|Any CPU
	EndGlobalSection
	GlobalSection(SolutionProperties) = preSolution
		HideSolutionNode = FALSE
	EndGlobalSection
	GlobalSection(ExtensibilityGlobals) = postSolution
		SolutionGuid = {E4AF7774-64F7-4BEC-BDEE-9D9442EE6A5E}
	EndGlobalSection
EndGlobal
